
Microsoft Visual Studio Solution File, Format Version 12.00
# Visual Studio Version 17
VisualStudioVersion = 17.0.32014.148
MinimumVisualStudioVersion = 10.0.40219.1
Project("{FAE04EC0-301F-11D3-BF4B-00C04F79EFBC}") = "Ukrainian-English Dictionary", "Ukrainian-English Dictionary.csproj", "{083721FD-00F2-4407-A0AD-0E03A40A8601}"
EndProject
Global
	GlobalSection(SolutionConfigurationPlatforms) = preSolution
		Debug|Any CPU = Debug|Any CPU
		Release|Any CPU = Release|Any CPU
	EndGlobalSection
	GlobalSection(ProjectConfigurationPlatforms) = postSolution
		{083721FD-00F2-4407-A0AD-0E03A40A8601}.Debug|Any CPU.ActiveCfg = Debug|Any CPU
		{083721FD-00F2-4407-A0AD-0E03A40A8601}.Debug|Any CPU.Build.0 = Debug|Any CPU
		{083721FD-00F2-4407-A0AD-0E03A40A8601}.Release|Any CPU.ActiveCfg = Release|Any CPU
		{083721FD-00F2-4407-A0AD-0E03A40A8601}.Release|Any CPU.Build.0 = Release|Any CPU
	EndGlobalSection
	GlobalSection(SolutionProperties) = preSolution
		HideSolutionNode = FALSE
	EndGlobalSection
	GlobalSection(ExtensibilityGlobals) = postSolution
		SolutionGuid = {3378D393-6122-45B4-B0B3-1D748FE43E7A}
	EndGlobalSection
EndGlobal
